
Microsoft Visual Studio Solution File, Format Version 12.00
# Visual Studio Version 16
VisualStudioVersion = 16.0.30611.23
MinimumVisualStudioVersion = 10.0.40219.1
Project("{FAE04EC0-301F-11D3-BF4B-00C04F79EFBC}") = "RazorPagesApp", "RazorPagesApp\RazorPagesApp.csproj", "{B7BE21BC-8360-4996-AF4B-EF4E029BCFBC}"
EndProject
Global
	GlobalSection(SolutionConfigurationPlatforms) = preSolution
		Debug|Any CPU = Debug|Any CPU
		Release|Any CPU = Release|Any CPU
	EndGlobalSection
	GlobalSection(ProjectConfigurationPlatforms) = postSolution
		{B7BE21BC-8360-4996-AF4B-EF4E029BCFBC}.Debug|Any CPU.ActiveCfg = Debug|Any CPU
		{B7BE21BC-8360-4996-AF4B-EF4E029BCFBC}.Debug|Any CPU.Build.0 = Debug|Any CPU
		{B7BE21BC-8360-4996-AF4B-EF4E029BCFBC}.Release|Any CPU.ActiveCfg = Release|Any CPU
		{B7BE21BC-8360-4996-AF4B-EF4E029BCFBC}.Release|Any CPU.Build.0 = Release|Any CPU
	EndGlobalSection
	GlobalSection(SolutionProperties) = preSolution
		HideSolutionNode = FALSE
	EndGlobalSection
	GlobalSection(ExtensibilityGlobals) = postSolution
		SolutionGuid = {E4063AFD-58D2-42A4-872D-695D53E98D0B}
	EndGlobalSection
EndGlobal
